
Microsoft Visual Studio Solution File, Format Version 12.00
# Visual Studio Version 16
VisualStudioVersion = 16.0.810.19
MinimumVisualStudioVersion = 10.0.40219.1
Project("{FAE04EC0-301F-11D3-BF4B-00C04F79EFBC}") = "WEB_API_Pizzeria", "WEB_API_Pizzeria\WEB_API_Pizzeria.csproj", "{72461E43-7490-44C0-97A6-CE088DC294F9}"
EndProject
Global
	GlobalSection(SolutionConfigurationPlatforms) = preSolution
		Debug|Any CPU = Debug|Any CPU
		Release|Any CPU = Release|Any CPU
	EndGlobalSection
	GlobalSection(ProjectConfigurationPlatforms) = postSolution
		{72461E43-7490-44C0-97A6-CE088DC294F9}.Debug|Any CPU.ActiveCfg = Debug|Any CPU
		{72461E43-7490-44C0-97A6-CE088DC294F9}.Debug|Any CPU.Build.0 = Debug|Any CPU
		{72461E43-7490-44C0-97A6-CE088DC294F9}.Release|Any CPU.ActiveCfg = Release|Any CPU
		{72461E43-7490-44C0-97A6-CE088DC294F9}.Release|Any CPU.Build.0 = Release|Any CPU
	EndGlobalSection
	GlobalSection(SolutionProperties) = preSolution
		HideSolutionNode = FALSE
	EndGlobalSection
	GlobalSection(ExtensibilityGlobals) = postSolution
		SolutionGuid = {0A09AE0C-E450-4A97-B634-059409218E0B}
	EndGlobalSection
EndGlobal
